
Microsoft Visual Studio Solution File, Format Version 12.00
# Visual Studio Version 16
VisualStudioVersion = 16.0.29509.3
MinimumVisualStudioVersion = 10.0.40219.1
Project("{9A19103F-16F7-4668-BE54-9A1E7A4F7556}") = "Jira.Net", "Jira.Net\Jira.Net.csproj", "{1D1CCC8A-1E84-40C2-8167-5BF773291488}"
EndProject
Project("{FAE04EC0-301F-11D3-BF4B-00C04F79EFBC}") = "Jira.Net.Test", "Jira.Net.Test\Jira.Net.Test.csproj", "{FC7540EF-FDAC-4FDE-B7E1-E87D974A77DD}"
EndProject
Global
	GlobalSection(SolutionConfigurationPlatforms) = preSolution
		Debug|Any CPU = Debug|Any CPU
		Release|Any CPU = Release|Any CPU
	EndGlobalSection
	GlobalSection(ProjectConfigurationPlatforms) = postSolution
		{1D1CCC8A-1E84-40C2-8167-5BF773291488}.Debug|Any CPU.ActiveCfg = Debug|Any CPU
		{1D1CCC8A-1E84-40C2-8167-5BF773291488}.Debug|Any CPU.Build.0 = Debug|Any CPU
		{1D1CCC8A-1E84-40C2-8167-5BF773291488}.Release|Any CPU.ActiveCfg = Release|Any CPU
		{1D1CCC8A-1E84-40C2-8167-5BF773291488}.Release|Any CPU.Build.0 = Release|Any CPU
		{FC7540EF-FDAC-4FDE-B7E1-E87D974A77DD}.Debug|Any CPU.ActiveCfg = Debug|Any CPU
		{FC7540EF-FDAC-4FDE-B7E1-E87D974A77DD}.Debug|Any CPU.Build.0 = Debug|Any CPU
		{FC7540EF-FDAC-4FDE-B7E1-E87D974A77DD}.Release|Any CPU.ActiveCfg = Release|Any CPU
		{FC7540EF-FDAC-4FDE-B7E1-E87D974A77DD}.Release|Any CPU.Build.0 = Release|Any CPU
	EndGlobalSection
	GlobalSection(SolutionProperties) = preSolution
		HideSolutionNode = FALSE
	EndGlobalSection
	GlobalSection(ExtensibilityGlobals) = postSolution
		SolutionGuid = {1CE88C08-6967-41B1-B78C-0FCFBB37C4AB}
	EndGlobalSection
EndGlobal
